
Microsoft Visual Studio Solution File, Format Version 12.00
# Visual Studio Version 17
VisualStudioVersion = 17.14.36327.8 d17.14
MinimumVisualStudioVersion = 10.0.40219.1
Project("{FAE04EC0-301F-11D3-BF4B-00C04F79EFBC}") = "Drone", "Drone\Drone.csproj", "{29A0A418-4B8D-4628-BA08-FD6D31C64EC2}"
EndProject
Global
	GlobalSection(SolutionConfigurationPlatforms) = preSolution
		Debug|Any CPU = Debug|Any CPU
		Release|Any CPU = Release|Any CPU
	EndGlobalSection
	GlobalSection(ProjectConfigurationPlatforms) = postSolution
		{29A0A418-4B8D-4628-BA08-FD6D31C64EC2}.Debug|Any CPU.ActiveCfg = Debug|Any CPU
		{29A0A418-4B8D-4628-BA08-FD6D31C64EC2}.Debug|Any CPU.Build.0 = Debug|Any CPU
		{29A0A418-4B8D-4628-BA08-FD6D31C64EC2}.Release|Any CPU.ActiveCfg = Release|Any CPU
		{29A0A418-4B8D-4628-BA08-FD6D31C64EC2}.Release|Any CPU.Build.0 = Release|Any CPU
	EndGlobalSection
	GlobalSection(SolutionProperties) = preSolution
		HideSolutionNode = FALSE
	EndGlobalSection
	GlobalSection(ExtensibilityGlobals) = postSolution
		SolutionGuid = {F47EDF26-0807-4294-A02D-2FAA9095B3EC}
	EndGlobalSection
EndGlobal
